
Microsoft Visual Studio Solution File, Format Version 12.00
# Visual Studio Version 17
VisualStudioVersion = 17.0.32014.148
MinimumVisualStudioVersion = 10.0.40219.1
Project("{FAE04EC0-301F-11D3-BF4B-00C04F79EFBC}") = "NewJournalExample", "NewJournalExample\NewJournalExample.csproj", "{5E6D044A-93E0-4741-B851-46A15003C47B}"
EndProject
Global
	GlobalSection(SolutionConfigurationPlatforms) = preSolution
		Debug|Any CPU = Debug|Any CPU
		Release|Any CPU = Release|Any CPU
	EndGlobalSection
	GlobalSection(ProjectConfigurationPlatforms) = postSolution
		{5E6D044A-93E0-4741-B851-46A15003C47B}.Debug|Any CPU.ActiveCfg = Debug|Any CPU
		{5E6D044A-93E0-4741-B851-46A15003C47B}.Debug|Any CPU.Build.0 = Debug|Any CPU
		{5E6D044A-93E0-4741-B851-46A15003C47B}.Release|Any CPU.ActiveCfg = Release|Any CPU
		{5E6D044A-93E0-4741-B851-46A15003C47B}.Release|Any CPU.Build.0 = Release|Any CPU
	EndGlobalSection
	GlobalSection(SolutionProperties) = preSolution
		HideSolutionNode = FALSE
	EndGlobalSection
	GlobalSection(ExtensibilityGlobals) = postSolution
		SolutionGuid = {FE8A5966-9153-4ECC-919A-8C83ADC0FAD5}
	EndGlobalSection
EndGlobal
